
Microsoft Visual Studio Solution File, Format Version 12.00
# Visual Studio Version 16
VisualStudioVersion = 16.0.30907.101
MinimumVisualStudioVersion = 10.0.40219.1
Project("{FAE04EC0-301F-11D3-BF4B-00C04F79EFBC}") = "VPNInstaller", "VPNInstaller\VPNInstaller.csproj", "{0B77CE5D-7890-4C6A-9950-EC0B4B11133D}"
EndProject
Global
	GlobalSection(SolutionConfigurationPlatforms) = preSolution
		Debug|Any CPU = Debug|Any CPU
		Release|Any CPU = Release|Any CPU
	EndGlobalSection
	GlobalSection(ProjectConfigurationPlatforms) = postSolution
		{0B77CE5D-7890-4C6A-9950-EC0B4B11133D}.Debug|Any CPU.ActiveCfg = Debug|Any CPU
		{0B77CE5D-7890-4C6A-9950-EC0B4B11133D}.Debug|Any CPU.Build.0 = Debug|Any CPU
		{0B77CE5D-7890-4C6A-9950-EC0B4B11133D}.Release|Any CPU.ActiveCfg = Release|Any CPU
		{0B77CE5D-7890-4C6A-9950-EC0B4B11133D}.Release|Any CPU.Build.0 = Release|Any CPU
	EndGlobalSection
	GlobalSection(SolutionProperties) = preSolution
		HideSolutionNode = FALSE
	EndGlobalSection
	GlobalSection(ExtensibilityGlobals) = postSolution
		SolutionGuid = {F22F5940-CC1A-4A99-B29D-F97A64EC9851}
	EndGlobalSection
EndGlobal
